lockfileVersion: 5.4

specifiers:
  webp-converter: 2.3.3

dependencies:
  webp-converter: 2.3.3

packages:

  /uuid/8.3.2:
    resolution: {integrity: sha512-+NYs2QeMWy+GWFOEm9xnn6HCDp0l7QBD7ml8zLUmJ+93Q5NF0NocErnwkTkXVFNiX3/fpC6afS8Dhb/gz7R7eg==}
    hasBin: true
    dev: false

  /webp-converter/2.3.3:
    resolution: {integrity: sha512-2p4XvPCIQ/CbUztEFA9vdkILVrRTdMtMxFpQTxlnPc3qx14MV5wnpVvK7m6pG70QdeL+Ser0+Tp843ONwh8VbQ==}
    dependencies:
      uuid: 8.3.2
    dev: false
